hash: adbac17998a56bcb43526ed187cff28ec95f31aa4c57e8db53c7cdc0ac830164
updated: 2017-08-25T08:47:35.433726526+02:00
imports:
- name: github.com/boj/redistore
  version: fc113767cd6b051980f260d6dbe84b2740c46ab0
- name: github.com/coreos/go-oidc
  version: 5157aa730c25a7531d4b99483e6a440d4ab735a0
- name: github.com/garyburd/redigo
  version: 433969511232c397de61b1442f9fd49ec06ae9ba
  subpackages:
  - redis
- name: github.com/ghodss/yaml
  version: 0ca9ea5df5451ffdf184b4428c902747c2c11cd7
- name: github.com/gorilla/mux
  version: bcd8bc72b08df0f70df986b97f95590779502d31
- name: github.com/gorilla/securecookie
  version: 667fe4e3466a040b780561fe9b51a83a3753eefc
- name: github.com/gorilla/sessions
  version: ca9ada44574153444b00d3fd9c8559e4cc95f896
- name: github.com/pact-foundation/pact-go
  version: e5ab27bf2c64016e153ac8a5237aa4f34d42587a
- name: github.com/pkg/errors
  version: 645ef00459ed84a119197bfb8d8205042c6df63d
- name: github.com/robertkrimen/otto
  version: 83d297c4b64aeb2de4268d9a54c9a503ae2d8139
  repo: https://github.com/thebod/otto.git
  subpackages:
  - ast
  - parser
  - token
- name: github.com/satori/go.uuid
  version: 879c5887cd475cd7864858769793b2ceb0d44feb
- name: github.com/spf13/cobra
  version: d236d298109208d194bf9c305dda03acbd1cc8d2
- name: golang.org/x/oauth2
  version: 626d87b99350690f6eb2b92c2f717221cdaf6f9a
- name: gopkg.in/yaml.v2
  version: cd8b52f8269e0feb286dfeef29f8fe4d5b397e0b
testImports:
- name: github.com/onsi/ginkgo
  version: ""
  subpackages:
  - ginkgo
- name: github.com/onsi/gomega
  version: ""
