# This file is autogenerated, do not edit; changes may be undone by the next 'dep ensure'.


[[projects]]
  name = "github.com/boj/redistore"
  packages = ["."]
  revision = "fc113767cd6b051980f260d6dbe84b2740c46ab0"
  version = "v1.2"

[[projects]]
  name = "github.com/coreos/go-oidc"
  packages = ["."]
  revision = "5157aa730c25a7531d4b99483e6a440d4ab735a0"

[[projects]]
  name = "github.com/davecgh/go-spew"
  packages = ["spew"]
  revision = "04cdfd42973bb9c8589fd6a731800cf222fde1a9"

[[projects]]
  branch = "master"
  name = "github.com/etgryphon/stringUp"
  packages = ["."]
  revision = "31534ccd8cac1d3d205c906ea5722928b045ed8c"

[[projects]]
  name = "github.com/garyburd/redigo"
  packages = ["internal","redis"]
  revision = "47dc60e71eed504e3ef8e77ee3c6fe720f3be57f"
  version = "v1.3.0"

[[projects]]
  name = "github.com/ghodss/yaml"
  packages = ["."]
  revision = "0ca9ea5df5451ffdf184b4428c902747c2c11cd7"
  version = "v1.0.0"

[[projects]]
  name = "github.com/go-playground/form"
  packages = ["."]
  revision = "7b3f7e7430f0f1b8a744c80bb7ce6a629c65b396"
  version = "v3.0.1"

[[projects]]
  name = "github.com/go-playground/locales"
  packages = [".","currency"]
  revision = "e4cbcb5d0652150d40ad0646651076b6bd2be4f6"
  version = "v0.11.2"

[[projects]]
  name = "github.com/go-playground/universal-translator"
  packages = ["."]
  revision = "b32fa301c9fe55953584134cb6853a13c87ec0a1"
  version = "v0.16.0"

[[projects]]
  name = "github.com/golang/protobuf"
  packages = ["jsonpb","proto","ptypes","ptypes/any","ptypes/duration","ptypes/struct","ptypes/timestamp"]
  revision = "18c9bb3261723cd5401db4d0c9fbc5c3b6c70fe8"

[[projects]]
  branch = "master"
  name = "github.com/gorilla/context"
  packages = ["."]
  revision = "08b5f424b9271eedf6f9f0ce86cb9396ed337a42"

[[projects]]
  name = "github.com/gorilla/securecookie"
  packages = ["."]
  revision = "667fe4e3466a040b780561fe9b51a83a3753eefc"
  version = "v1.1"

[[projects]]
  name = "github.com/gorilla/sessions"
  packages = ["."]
  revision = "ca9ada44574153444b00d3fd9c8559e4cc95f896"
  version = "v1.1"

[[projects]]
  branch = "master"
  name = "github.com/hashicorp/logutils"
  packages = ["."]
  revision = "0dc08b1671f34c4250ce212759ebd880f743d883"

[[projects]]
  name = "github.com/inconshreveable/mousetrap"
  packages = ["."]
  revision = "76626ae9c91c4f2a10f34cad8ce83ea42c93bb75"
  version = "v1.0"

[[projects]]
  name = "github.com/labstack/gommon"
  packages = ["color"]
  revision = "1121fd3e243c202482226a7afe4dcd07ffc4139a"
  version = "v0.2.1"

[[projects]]
  name = "github.com/leebenson/conform"
  packages = ["."]
  revision = "bdfc728cafe576ce87010707d3ed365c75e854cd"
  version = "1.2.0"

[[projects]]
  name = "github.com/leekchan/accounting"
  packages = ["."]
  revision = "a35854c075934d6aa1a6c1ab3ea8a82ee0dc1a93"
  version = "v0.2"

[[projects]]
  name = "github.com/mattn/go-colorable"
  packages = ["."]
  revision = "ded68f7a9561c023e790de24279db7ebf473ea80"

[[projects]]
  name = "github.com/mattn/go-isatty"
  packages = ["."]
  revision = "fc9e8d8ef48496124e79ae0df75490096eccf6fe"
  version = "v0.0.2"

[[projects]]
  name = "github.com/nicksnyder/go-i18n"
  packages = ["i18n/bundle","i18n/language","i18n/translation"]
  revision = "0dc1626d56435e9d605a29875701721c54bc9bbd"
  version = "v1.10.0"

[[projects]]
  name = "github.com/onsi/ginkgo"
  packages = [".","config","internal/codelocation","internal/containernode","internal/failer","internal/leafnodes","internal/remote","internal/spec","internal/spec_iterator","internal/specrunner","internal/suite","internal/testingtproxy","internal/writer","reporters","reporters/stenographer","reporters/stenographer/support/go-colorable","reporters/stenographer/support/go-isatty","types"]
  revision = "9eda700730cba42af70d53180f9dcce9266bc2bc"
  version = "v1.4.0"

[[projects]]
  name = "github.com/onsi/gomega"
  packages = [".","format","internal/assertion","internal/asyncassertion","internal/oraclematcher","internal/testingtsupport","matchers","matchers/support/goraph/bipartitegraph","matchers/support/goraph/edge","matchers/support/goraph/node","matchers/support/goraph/util","types"]
  revision = "c893efa28eb45626cdaa76c9f653b62488858837"
  version = "v1.2.0"

[[projects]]
  name = "github.com/pact-foundation/pact-go"
  packages = ["dsl","types"]
  revision = "e5ab27bf2c64016e153ac8a5237aa4f34d42587a"
  version = "v0.0.9"

[[projects]]
  name = "github.com/pelletier/go-toml"
  packages = ["."]
  revision = "16398bac157da96aa88f98a2df640c7f32af1da2"
  version = "v1.0.1"

[[projects]]
  name = "github.com/pkg/errors"
  packages = ["."]
  revision = "645ef00459ed84a119197bfb8d8205042c6df63d"
  version = "v0.8.0"

[[projects]]
  name = "github.com/pmezard/go-difflib"
  packages = ["difflib"]
  revision = "d8ed2627bdf02c080bf22230dbb337003b7aba2d"

[[projects]]
  name = "github.com/pquerna/cachecontrol"
  packages = [".","cacheobject"]
  revision = "9299cc36e57c32f83e47ffb3c25d8a3dec10ea0b"

[[projects]]
  branch = "master"
  name = "github.com/robertkrimen/otto"
  packages = ["ast","dbg","file","parser","token"]
  revision = "83d297c4b64aeb2de4268d9a54c9a503ae2d8139"
  source = "https://github.com/thebod/otto.git"

[[projects]]
  name = "github.com/satori/go.uuid"
  packages = ["."]
  revision = "879c5887cd475cd7864858769793b2ceb0d44feb"
  version = "v1.1.0"

[[projects]]
  name = "github.com/sirupsen/logrus"
  packages = ["."]
  revision = "f006c2ac4710855cf0f916dd6b77acf6b048dc6e"
  version = "v1.0.3"

[[projects]]
  name = "github.com/spf13/cobra"
  packages = ["."]
  revision = "d236d298109208d194bf9c305dda03acbd1cc8d2"

[[projects]]
  name = "github.com/spf13/pflag"
  packages = ["."]
  revision = "e57e3eeb33f795204c1ca35f56c44f83227c6e66"
  version = "v1.0.0"

[[projects]]
  name = "github.com/stretchr/objx"
  packages = ["."]
  revision = "cbeaeb16a013161a98496fad62933b1d21786672"

[[projects]]
  branch = "master"
  name = "github.com/stretchr/testify"
  packages = ["assert","mock"]
  revision = "890a5c3458b43e6104ff5da8dfa139d013d77544"

[[projects]]
  branch = "master"
  name = "github.com/zemirco/memorystore"
  packages = ["."]
  revision = "ecd57e5134f622ea7ebd8ae93ea00b4fe94741a5"

[[projects]]
  branch = "master"
  name = "golang.org/x/crypto"
  packages = ["ssh/terminal"]
  revision = "edd5e9b0879d13ee6970a50153d85b8fec9f7686"

[[projects]]
  name = "golang.org/x/net"
  packages = ["context","context/ctxhttp","html","html/atom","html/charset"]
  revision = "feeb485667d1fdabe727840fe00adc22431bc86e"

[[projects]]
  name = "golang.org/x/oauth2"
  packages = [".","internal"]
  revision = "626d87b99350690f6eb2b92c2f717221cdaf6f9a"

[[projects]]
  name = "golang.org/x/sys"
  packages = ["unix","windows"]
  revision = "9ccfe848b9db8435a24c424abbc07a921adf1df5"

[[projects]]
  name = "golang.org/x/text"
  packages = ["encoding","encoding/charmap","encoding/htmlindex","encoding/internal","encoding/internal/identifier","encoding/japanese","encoding/korean","encoding/simplifiedchinese","encoding/traditionalchinese","encoding/unicode","internal/gen","internal/tag","internal/utf8internal","language","runes","transform","unicode/cldr"]
  revision = "2910a502d2bf9e43193af9d68ca516529614eed3"

[[projects]]
  name = "google.golang.org/appengine"
  packages = ["internal","internal/base","internal/datastore","internal/log","internal/remote_api","internal/urlfetch","urlfetch"]
  revision = "170382fa85b10b94728989dfcf6cc818b335c952"

[[projects]]
  name = "gopkg.in/go-playground/validator.v9"
  packages = ["."]
  revision = "61caf9d3038e1af346dbf5c2e16f6678e1548364"
  version = "v9.9.0"

[[projects]]
  name = "gopkg.in/sourcemap.v1"
  packages = [".","base64vlq"]
  revision = "6e83acea0053641eff084973fee085f0c193c61a"
  version = "v1.0.5"

[[projects]]
  name = "gopkg.in/square/go-jose.v2"
  packages = [".","cipher","json"]
  revision = "af13e1fbc7ac2df7f7eab54e5177104d546d0e9c"
  version = "v2.1.1"

[[projects]]
  name = "gopkg.in/yaml.v2"
  packages = ["."]
  revision = "cd8b52f8269e0feb286dfeef29f8fe4d5b397e0b"

[solve-meta]
  analyzer-name = "dep"
  analyzer-version = 1
  inputs-digest = "567780c1809b4eb491769631abb0df139445cf27d2d0398706b0e69a8516599e"
  solver-name = "gps-cdcl"
  solver-version = 1
