# This file is autogenerated, do not edit; changes may be undone by the next 'dep ensure'.


[[projects]]
  branch = "master"
  name = "git.apache.org/thrift.git"
  packages = ["lib/go/thrift"]
  revision = "6e67faa92827ece022380b211c2caaadd6145bf5"
  source = "github.com/apache/thrift"

[[projects]]
  branch = "master"
  name = "github.com/beorn7/perks"
  packages = ["quantile"]
  revision = "3a771d992973f24aa725d07868b467d1ddfceafb"

[[projects]]
  name = "github.com/boj/redistore"
  packages = ["."]
  revision = "fc113767cd6b051980f260d6dbe84b2740c46ab0"
  version = "v1.2"

[[projects]]
  name = "github.com/coreos/go-oidc"
  packages = ["."]
  revision = "1180514eaf4d9f38d0d19eef639a1d695e066e72"
  version = "v2.0.0"

[[projects]]
  name = "github.com/davecgh/go-spew"
  packages = ["spew"]
  revision = "8991bc29aa16c548c550c7ff78260e27b9ab7c73"
  version = "v1.1.1"

[[projects]]
  name = "github.com/dgrijalva/jwt-go"
  packages = ["."]
  revision = "06ea1031745cb8b3dab3f6a236daf2b0aa468b7e"
  version = "v3.2.0"

[[projects]]
  name = "github.com/garyburd/redigo"
  packages = [
    "internal",
    "redis"
  ]
  revision = "a69d19351219b6dd56f274f96d85a7014a2ec34e"
  version = "v1.6.0"

[[projects]]
  branch = "master"
  name = "github.com/ghodss/yaml"
  packages = ["."]
  revision = "c7ce16629ff4cd059ed96ed06419dd3856fd3577"

[[projects]]
  name = "github.com/go-playground/locales"
  packages = [
    ".",
    "currency"
  ]
  revision = "f63010822830b6fe52288ee52d5a1151088ce039"
  version = "v0.12.1"

[[projects]]
  name = "github.com/go-playground/universal-translator"
  packages = ["."]
  revision = "b32fa301c9fe55953584134cb6853a13c87ec0a1"
  version = "v0.16.0"

[[projects]]
  branch = "master"
  name = "github.com/golang/groupcache"
  packages = ["singleflight"]
  revision = "24b0969c4cb722950103eed87108c8d291a8df00"

[[projects]]
  name = "github.com/golang/protobuf"
  packages = ["proto"]
  revision = "aa810b61a9c79d51363740d207bb46cf8e620ed5"
  version = "v1.2.0"

[[projects]]
  name = "github.com/gorilla/context"
  packages = ["."]
  revision = "08b5f424b9271eedf6f9f0ce86cb9396ed337a42"
  version = "v1.1.1"

[[projects]]
  name = "github.com/gorilla/securecookie"
  packages = ["."]
  revision = "e59506cc896acb7f7bf732d4fdf5e25f7ccd8983"
  version = "v1.1.1"

[[projects]]
  name = "github.com/gorilla/sessions"
  packages = ["."]
  revision = "03b6f63cc43ef9c7240a635a5e22b13180e822b8"
  version = "v1.1.1"

[[projects]]
  branch = "master"
  name = "github.com/hashicorp/golang-lru"
  packages = [
    ".",
    "simplelru"
  ]
  revision = "0fb14efe8c47ae851c0034ed7a448854d3d34cf3"

[[projects]]
  branch = "master"
  name = "github.com/hashicorp/logutils"
  packages = ["."]
  revision = "0dc08b1671f34c4250ce212759ebd880f743d883"

[[projects]]
  name = "github.com/inconshreveable/mousetrap"
  packages = ["."]
  revision = "76626ae9c91c4f2a10f34cad8ce83ea42c93bb75"
  version = "v1.0"

[[projects]]
  name = "github.com/labstack/gommon"
  packages = ["color"]
  revision = "d6898124de917583f5ff5592ef931d1dfe0ddc05"
  version = "0.2.6"

[[projects]]
  name = "github.com/leekchan/accounting"
  packages = ["."]
  revision = "a35854c075934d6aa1a6c1ab3ea8a82ee0dc1a93"
  version = "v0.2"

[[projects]]
  name = "github.com/mattn/go-colorable"
  packages = ["."]
  revision = "167de6bfdfba052fa6b2d3664c8f5272e23c9072"
  version = "v0.0.9"

[[projects]]
  name = "github.com/mattn/go-isatty"
  packages = ["."]
  revision = "0360b2af4f38e8d38c7fce2a9f4e702702d73a39"
  version = "v0.0.3"

[[projects]]
  name = "github.com/matttproud/golang_protobuf_extensions"
  packages = ["pbutil"]
  revision = "c12348ce28de40eed0136aa2b644d0ee0650e56c"
  version = "v1.0.1"

[[projects]]
  branch = "master"
  name = "github.com/nicksnyder/go-i18n"
  packages = [
    "i18n/bundle",
    "i18n/language",
    "i18n/translation"
  ]
  revision = "04f547cc50da4c144c5fdfd4495aef143637a236"

[[projects]]
  name = "github.com/pact-foundation/pact-go"
  packages = [
    "dsl",
    "types",
    "utils"
  ]
  revision = "1567bdaba1c9bccb747cfba1ade5e09b9ccf5eea"
  version = "v0.0.13"

[[projects]]
  name = "github.com/pelletier/go-toml"
  packages = ["."]
  revision = "c01d1270ff3e442a8a57cddc1c92dc1138598194"
  version = "v1.2.0"

[[projects]]
  name = "github.com/pkg/errors"
  packages = ["."]
  revision = "645ef00459ed84a119197bfb8d8205042c6df63d"
  version = "v0.8.0"

[[projects]]
  name = "github.com/pmezard/go-difflib"
  packages = ["difflib"]
  revision = "792786c7400a136282c1664665ae0a8db921c6c2"
  version = "v1.0.0"

[[projects]]
  branch = "master"
  name = "github.com/pquerna/cachecontrol"
  packages = [
    ".",
    "cacheobject"
  ]
  revision = "1555304b9b35fdd2b425bccf1a5613677705e7d0"

[[projects]]
  name = "github.com/prometheus/client_golang"
  packages = [
    "prometheus",
    "prometheus/promhttp"
  ]
  revision = "c5b7fccd204277076155f10851dad72b76a49317"
  version = "v0.8.0"

[[projects]]
  branch = "master"
  name = "github.com/prometheus/client_model"
  packages = ["go"]
  revision = "5c3871d89910bfb32f5fcab2aa4b9ec68e65a99f"

[[projects]]
  branch = "master"
  name = "github.com/prometheus/common"
  packages = [
    "expfmt",
    "internal/bitbucket.org/ww/goautoneg",
    "model"
  ]
  revision = "c7de2306084e37d54b8be01f3541a8464345e9a5"

[[projects]]
  branch = "master"
  name = "github.com/prometheus/procfs"
  packages = [
    ".",
    "internal/util",
    "nfs",
    "xfs"
  ]
  revision = "05ee40e3a273f7245e8777337fc7b46e533a9a92"

[[projects]]
  branch = "master"
  name = "github.com/robertkrimen/otto"
  packages = [
    "ast",
    "dbg",
    "file",
    "parser",
    "token"
  ]
  revision = "83d297c4b64aeb2de4268d9a54c9a503ae2d8139"
  source = "https://github.com/thebod/otto.git"

[[projects]]
  name = "github.com/satori/go.uuid"
  packages = ["."]
  revision = "f58768cc1a7a7e77a3bd49e98cdd21419399b6a3"
  version = "v1.2.0"

[[projects]]
  name = "github.com/sirupsen/logrus"
  packages = [
    ".",
    "hooks/test"
  ]
  revision = "3e01752db0189b9157070a0e1668a620f9a85da2"
  version = "v1.0.6"

[[projects]]
  name = "github.com/sony/gobreaker"
  packages = ["."]
  revision = "e9556a45379ef1da12e54847edb2fb3d7d566f36"
  version = "0.3.0"

[[projects]]
  name = "github.com/spf13/cobra"
  packages = ["."]
  revision = "ef82de70bb3f60c65fb8eebacbb2d122ef517385"
  version = "v0.0.3"

[[projects]]
  name = "github.com/spf13/pflag"
  packages = ["."]
  revision = "9a97c102cda95a86cec2345a6f09f55a939babf5"
  version = "v1.0.2"

[[projects]]
  name = "github.com/stretchr/objx"
  packages = ["."]
  revision = "477a77ecc69700c7cdeb1fa9e129548e1c1c393c"
  version = "v0.1.1"

[[projects]]
  name = "github.com/stretchr/testify"
  packages = [
    "assert",
    "mock",
    "require",
    "suite"
  ]
  revision = "f35b8ab0b5a2cef36673838d662e249dd9c94686"
  version = "v1.2.2"

[[projects]]
  branch = "master"
  name = "github.com/zemirco/memorystore"
  packages = ["."]
  revision = "ecd57e5134f622ea7ebd8ae93ea00b4fe94741a5"

[[projects]]
  name = "go.opencensus.io"
  packages = [
    ".",
    "exporter/jaeger",
    "exporter/jaeger/internal/gen-go/jaeger",
    "exporter/prometheus",
    "internal",
    "internal/tagencoding",
    "plugin/ochttp",
    "plugin/ochttp/propagation/b3",
    "stats",
    "stats/internal",
    "stats/view",
    "tag",
    "trace",
    "trace/internal",
    "trace/propagation"
  ]
  revision = "71e2e3e3082a525f158c187a70a4dbb59aa522b9"

[[projects]]
  name = "go.uber.org/atomic"
  packages = ["."]
  revision = "1ea20fb1cbb1cc08cbd0d913a96dead89aa18289"
  version = "v1.3.2"

[[projects]]
  name = "go.uber.org/multierr"
  packages = ["."]
  revision = "3c4937480c32f4c13a875a1829af76c98ca3d40a"
  version = "v1.1.0"

[[projects]]
  name = "go.uber.org/zap"
  packages = [
    ".",
    "buffer",
    "internal/bufferpool",
    "internal/color",
    "internal/exit",
    "zapcore"
  ]
  revision = "ff33455a0e382e8a81d14dd7c922020b6b5e7982"
  version = "v1.9.1"

[[projects]]
  branch = "master"
  name = "golang.org/x/crypto"
  packages = [
    "ed25519",
    "ed25519/internal/edwards25519",
    "pbkdf2",
    "ssh/terminal"
  ]
  revision = "614d502a4dac94afa3a6ce146bd1736da82514c6"

[[projects]]
  branch = "master"
  name = "golang.org/x/net"
  packages = [
    "context",
    "context/ctxhttp",
    "html",
    "html/atom"
  ]
  revision = "faa378e6dbaed88bd8100f8bcf09939375c6e8fa"

[[projects]]
  branch = "claims-request-parameter-squashed"
  name = "golang.org/x/oauth2"
  packages = [
    ".",
    "clientcredentials",
    "internal"
  ]
  revision = "5641e2160a306ced3c502eb34e0ebac405b48352"
  source = "https://github.com/ompluscator/oauth2"

[[projects]]
  branch = "master"
  name = "golang.org/x/sync"
  packages = ["semaphore"]
  revision = "1d60e4601c6fd243af51cc01ddf169918a5407ca"

[[projects]]
  branch = "master"
  name = "golang.org/x/sys"
  packages = [
    "unix",
    "windows"
  ]
  revision = "11551d06cbcc94edc80a0facaccbda56473c19c1"

[[projects]]
  branch = "master"
  name = "google.golang.org/api"
  packages = ["support/bundler"]
  revision = "943e5aafc110feadee8cf71cde31afa0d1bab9f8"

[[projects]]
  name = "google.golang.org/appengine"
  packages = [
    "internal",
    "internal/base",
    "internal/datastore",
    "internal/log",
    "internal/remote_api",
    "internal/urlfetch",
    "urlfetch"
  ]
  revision = "b1f26356af11148e710935ed1ac8a7f5702c7612"
  version = "v1.1.0"

[[projects]]
  name = "gopkg.in/go-playground/validator.v9"
  packages = ["."]
  revision = "e69e9a28bb62b977fdc58d051f1bb477b7cbe486"
  version = "v9.21.0"

[[projects]]
  name = "gopkg.in/sourcemap.v1"
  packages = [
    ".",
    "base64vlq"
  ]
  revision = "6e83acea0053641eff084973fee085f0c193c61a"
  version = "v1.0.5"

[[projects]]
  name = "gopkg.in/square/go-jose.v2"
  packages = [
    ".",
    "cipher",
    "json"
  ]
  revision = "8254d6c783765f38c8675fae4427a1fe73fbd09d"
  version = "v2.1.8"

[[projects]]
  name = "gopkg.in/yaml.v2"
  packages = ["."]
  revision = "5420a8b6744d3b0345ab293f6fcba19c978f1183"
  version = "v2.2.1"

[solve-meta]
  analyzer-name = "dep"
  analyzer-version = 1
  inputs-digest = "d5a83ff6e7f989f6e2fe464ee32bb3c3757df3764ac179e4ce508e725e52c171"
  solver-name = "gps-cdcl"
  solver-version = 1
