hash: 1e5cfb77ad31faa3e75263e41f6c6f2aebe0db2869f69d883774a83e6e5b64d2
updated: 2017-02-13T15:47:04.86912624+01:00
imports:
- name: github.com/fatih/color
  version: 5ec5d9d3c2cf82e9688b34e9bc27a94d616a7193
- name: github.com/gorilla/context
  version: 08b5f424b9271eedf6f9f0ce86cb9396ed337a42
- name: github.com/gorilla/mux
  version: 392c28fe23e1c45ddba891b0320b3b5df220beea
- name: github.com/robertkrimen/otto
  version: aabe79b06556d741409a343b9bbabf653cef2a1c
  repo: https://github.com/thebod/otto.git
  subpackages:
  - ast
  - dbg
  - file
  - parser
  - token
- name: github.com/urfave/negroni
  version: 61dbefc515b4dede6eb2de7df1e54d49edce892d
- name: gopkg.in/sourcemap.v1
  version: f5da1d57891040819d7961bfeed49271d78ca0fa
  subpackages:
  - base64vlq
- name: gopkg.in/yaml.v2
  version: a3f3340b5840cee44f372bddb5880fcbc419b46a
testImports: []
