hash: 173295fe1d1c83625ab582b6c491cfa043ee38160123e9a287fb0b42879059d4
updated: 2017-02-14T13:24:50.443587648+01:00
imports:
- name: github.com/gorilla/context
  version: 08b5f424b9271eedf6f9f0ce86cb9396ed337a42
- name: github.com/gorilla/mux
  version: 392c28fe23e1c45ddba891b0320b3b5df220beea
- name: github.com/labstack/gommon
  version: f72d3c883f8ea180da8f085dd320804c41332ad1
  subpackages:
  - color
- name: github.com/mattn/go-colorable
  version: 5411d3eea5978e6cdc258b30de592b60df6aba96
- name: github.com/mattn/go-isatty
  version: 281032e84ae07510239465db46bf442aa44b953a
- name: github.com/robertkrimen/otto
  version: aabe79b06556d741409a343b9bbabf653cef2a1c
  repo: https://github.com/thebod/otto.git
  subpackages:
  - ast
  - dbg
  - file
  - parser
  - token
- name: golang.org/x/sys
  version: e24f485414aeafb646f6fca458b0bf869c0880a1
  subpackages:
  - unix
- name: gopkg.in/sourcemap.v1
  version: f5da1d57891040819d7961bfeed49271d78ca0fa
  subpackages:
  - base64vlq
- name: gopkg.in/yaml.v2
  version: a3f3340b5840cee44f372bddb5880fcbc419b46a
testImports: []
